
Microsoft Visual Studio Solution File, Format Version 12.00
# Visual Studio 15
VisualStudioVersion = 15.0.28307.572
MinimumVisualStudioVersion = 10.0.40219.1
Project("{FAE04EC0-301F-11D3-BF4B-00C04F79EFBC}") = "14_09_19", "14_09_19\14_09_19.csproj", "{1AC8383D-BADF-4C03-B4AE-D142696CFA18}"
EndProject
Project("{FAE04EC0-301F-11D3-BF4B-00C04F79EFBC}") = "14_09_19_part2", "14_09_19_part2\14_09_19_part2.csproj", "{47560AE3-BD3A-47E3-B594-D68FE0467307}"
EndProject
Project("{9A19103F-16F7-4668-BE54-9A1E7A4F7556}") = "HW2", "HW2\HW2.csproj", "{31CFB85E-0895-4306-9516-6DCC60A6510A}"
EndProject
Project("{FAE04EC0-301F-11D3-BF4B-00C04F79EFBC}") = "Lesson3", "Lesson3\Lesson3.csproj", "{5909E0B7-8AE3-4520-B6FB-88D9D5DE7A53}"
EndProject
Global
	GlobalSection(SolutionConfigurationPlatforms) = preSolution
		Debug|Any CPU = Debug|Any CPU
		Release|Any CPU = Release|Any CPU
	EndGlobalSection
	GlobalSection(ProjectConfigurationPlatforms) = postSolution
		{1AC8383D-BADF-4C03-B4AE-D142696CFA18}.Debug|Any CPU.ActiveCfg = Debug|Any CPU
		{1AC8383D-BADF-4C03-B4AE-D142696CFA18}.Debug|Any CPU.Build.0 = Debug|Any CPU
		{1AC8383D-BADF-4C03-B4AE-D142696CFA18}.Release|Any CPU.ActiveCfg = Release|Any CPU
		{1AC8383D-BADF-4C03-B4AE-D142696CFA18}.Release|Any CPU.Build.0 = Release|Any CPU
		{47560AE3-BD3A-47E3-B594-D68FE0467307}.Debug|Any CPU.ActiveCfg = Debug|Any CPU
		{47560AE3-BD3A-47E3-B594-D68FE0467307}.Debug|Any CPU.Build.0 = Debug|Any CPU
		{47560AE3-BD3A-47E3-B594-D68FE0467307}.Release|Any CPU.ActiveCfg = Release|Any CPU
		{47560AE3-BD3A-47E3-B594-D68FE0467307}.Release|Any CPU.Build.0 = Release|Any CPU
		{31CFB85E-0895-4306-9516-6DCC60A6510A}.Debug|Any CPU.ActiveCfg = Debug|Any CPU
		{31CFB85E-0895-4306-9516-6DCC60A6510A}.Debug|Any CPU.Build.0 = Debug|Any CPU
		{31CFB85E-0895-4306-9516-6DCC60A6510A}.Release|Any CPU.ActiveCfg = Release|Any CPU
		{31CFB85E-0895-4306-9516-6DCC60A6510A}.Release|Any CPU.Build.0 = Release|Any CPU
		{5909E0B7-8AE3-4520-B6FB-88D9D5DE7A53}.Debug|Any CPU.ActiveCfg = Debug|Any CPU
		{5909E0B7-8AE3-4520-B6FB-88D9D5DE7A53}.Debug|Any CPU.Build.0 = Debug|Any CPU
		{5909E0B7-8AE3-4520-B6FB-88D9D5DE7A53}.Release|Any CPU.ActiveCfg = Release|Any CPU
		{5909E0B7-8AE3-4520-B6FB-88D9D5DE7A53}.Release|Any CPU.Build.0 = Release|Any CPU
	EndGlobalSection
	GlobalSection(SolutionProperties) = preSolution
		HideSolutionNode = FALSE
	EndGlobalSection
	GlobalSection(ExtensibilityGlobals) = postSolution
		SolutionGuid = {06BDE214-85BC-4B09-9CEC-8DED76523E3A}
	EndGlobalSection
EndGlobal
