
Microsoft Visual Studio Solution File, Format Version 12.00
# Visual Studio 14
VisualStudioVersion = 14.0.25420.1
MinimumVisualStudioVersion = 10.0.40219.1
Project("{FAE04EC0-301F-11D3-BF4B-00C04F79EFBC}") = "14_09_19", "14_09_19\14_09_19.csproj", "{1AC8383D-BADF-4C03-B4AE-D142696CFA18}"
EndProject
Project("{FAE04EC0-301F-11D3-BF4B-00C04F79EFBC}") = "14_09_19_part2", "14_09_19_part2\14_09_19_part2.csproj", "{47560AE3-BD3A-47E3-B594-D68FE0467307}"
EndProject
Global
	GlobalSection(SolutionConfigurationPlatforms) = preSolution
		Debug|Any CPU = Debug|Any CPU
		Release|Any CPU = Release|Any CPU
	EndGlobalSection
	GlobalSection(ProjectConfigurationPlatforms) = postSolution
		{1AC8383D-BADF-4C03-B4AE-D142696CFA18}.Debug|Any CPU.ActiveCfg = Debug|Any CPU
		{1AC8383D-BADF-4C03-B4AE-D142696CFA18}.Debug|Any CPU.Build.0 = Debug|Any CPU
		{1AC8383D-BADF-4C03-B4AE-D142696CFA18}.Release|Any CPU.ActiveCfg = Release|Any CPU
		{1AC8383D-BADF-4C03-B4AE-D142696CFA18}.Release|Any CPU.Build.0 = Release|Any CPU
		{47560AE3-BD3A-47E3-B594-D68FE0467307}.Debug|Any CPU.ActiveCfg = Debug|Any CPU
		{47560AE3-BD3A-47E3-B594-D68FE0467307}.Debug|Any CPU.Build.0 = Debug|Any CPU
		{47560AE3-BD3A-47E3-B594-D68FE0467307}.Release|Any CPU.ActiveCfg = Release|Any CPU
		{47560AE3-BD3A-47E3-B594-D68FE0467307}.Release|Any CPU.Build.0 = Release|Any CPU
	EndGlobalSection
	GlobalSection(SolutionProperties) = preSolution
		HideSolutionNode = FALSE
	EndGlobalSection
EndGlobal
